{
  "nodes": {
    "easy-purescript-nix": {
      "flake": false,
      "locked": {
        "lastModified": 1622283220,
        "narHash": "sha256-PO4WBrJltZXW6rAF41Sytqve6XnFW2VEBHC3mVtrqaw=",
        "owner": "justinwoo",
        "repo": "easy-purescript-nix",
        "rev": "b197e8764680f39416352f2ab3ed8f25e2a6b333",
        "type": "github"
      },
      "original": {
        "owner": "justinwoo",
        "repo": "easy-purescript-nix",
        "type": "github"
      }
    },
    "flake-utils": {
      "locked": {
        "lastModified": 1622445595,
        "narHash": "sha256-m+JRe6Wc5OZ/mKw2bB3+Tl0ZbtyxxxfnAWln8Q5qs+Y=",
        "owner": "numtide",
        "repo": "flake-utils",
        "rev": "7d706970d94bc5559077eb1a6600afddcd25a7c8",
        "type": "github"
      },
      "original": {
        "owner": "numtide",
        "repo": "flake-utils",
        "type": "github"
      }
    },
    "nixpkgs": {
      "locked": {
        "lastModified": 1622503062,
        "narHash": "sha256-5QHhFydG1+ImYjeE7XLrPbCUZhWcSYrebXpYuY0XWz4=",
        "path": "/nix/store/fckfx94bqxr8zdbalwrccmrm2wplzsi4-source",
        "rev": "3a2e0c36e79cecaf196cbea23e75e74710140ea4",
        "type": "path"
      },
      "original": {
        "id": "nixpkgs",
        "type": "indirect"
      }
    },
    "root": {
      "inputs": {
        "easy-purescript-nix": "easy-purescript-nix",
        "flake-utils": "flake-utils",
        "nixpkgs": "nixpkgs"
      }
    }
  },
  "root": "root",
  "version": 7
}
