{
  "nodes": {
    "easy-purescript-nix": {
      "flake": false,
      "locked": {
        "lastModified": 1615750216,
        "narHash": "sha256-zvv5WHnuDobXGCyQxLhGVI413DBqvxKLDE6gORkXYy4=",
        "owner": "justinwoo",
        "repo": "easy-purescript-nix",
        "rev": "e8a1ffafafcdf2e81adba419693eb35f3ee422f8",
        "type": "github"
      },
      "original": {
        "owner": "justinwoo",
        "repo": "easy-purescript-nix",
        "type": "github"
      }
    },
    "flake-utils": {
      "locked": {
        "lastModified": 1614513358,
        "narHash": "sha256-LakhOx3S1dRjnh0b5Dg3mbZyH0ToC9I8Y2wKSkBaTzU=",
        "owner": "numtide",
        "repo": "flake-utils",
        "rev": "5466c5bbece17adaab2d82fae80b46e807611bf3",
        "type": "github"
      },
      "original": {
        "owner": "numtide",
        "repo": "flake-utils",
        "type": "github"
      }
    },
    "nixpkgs": {
      "locked": {
        "lastModified": 1615325726,
        "narHash": "sha256-CTqQpGms8YWD6Rxds0b7n15Tqgtd9K4jRS56CdHwOcc=",
        "path": "/nix/store/yn68kf6fdsjzvnajb09f8698n2ls23kg-source",
        "rev": "2821518e36047af33385a3bd302c9c30c0a442c4",
        "type": "path"
      },
      "original": {
        "id": "nixpkgs",
        "type": "indirect"
      }
    },
    "root": {
      "inputs": {
        "easy-purescript-nix": "easy-purescript-nix",
        "flake-utils": "flake-utils",
        "nixpkgs": "nixpkgs"
      }
    }
  },
  "root": "root",
  "version": 7
}
